{
  "name": "aleatorio",
  "version": "1.0.1",
  "lockfileVersion": 1,
  "requires": true,
  "dependencies": {
    "randname-ag": {
      "version": "1.0.0",
      "resolved": "https://registry.npmjs.org/randname-ag/-/randname-ag-1.0.0.tgz",
      "integrity": "sha512-EJI6p+Vxbxuj89Y+E69tYmIxRLRy4GuoAjZHCrtDpg4iJqR0h8zErhbDW7Z/9fzEpblpecVYDhiflAJ0B6qi9g=="
    }
  }
}
